// !$*UTF8*$!
{
	archiveVersion = 1;
	classes = {
	};
	objectVersion = 46;
	objects = {

/* Begin PBXBuildFile section */
		5B1C5DAC2026D04B005F8575 /* AppDelegate.swift in Sources */ = {isa = PBXBuildFile; fileRef = 5B1C5DAB2026D04B005F8575 /* AppDelegate.swift */; };
		5B1C5DB12026D04B005F8575 /* Main.storyboard in Resources */ = {isa = PBXBuildFile; fileRef = 5B1C5DAF2026D04B005F8575 /* Main.storyboard */; };
		5B1C5DB42026D04B005F8575 /* maged.xcdatamodeld in Sources */ = {isa = PBXBuildFile; fileRef = 5B1C5DB22026D04B005F8575 /* maged.xcdatamodeld */; };
		5B1C5DB62026D04B005F8575 /* Assets.xcassets in Resources */ = {isa = PBXBuildFile; fileRef = 5B1C5DB52026D04B005F8575 /* Assets.xcassets */; };
		5B1C5DB92026D04B005F8575 /* LaunchScreen.storyboard in Resources */ = {isa = PBXBuildFile; fileRef = 5B1C5DB72026D04B005F8575 /* LaunchScreen.storyboard */; };
		5B1C5DC82027548A005F8575 /* MainViewController.swift in Sources */ = {isa = PBXBuildFile; fileRef = 5B1C5DC72027548A005F8575 /* MainViewController.swift */; };
		5B429A64204554940074A7C9 /* OrderDetailsVC.swift in Sources */ = {isa = PBXBuildFile; fileRef = 5B429A63204554940074A7C9 /* OrderDetailsVC.swift */; };
		5B7C3DF0203AFF82001C3928 /* Order.swift in Sources */ = {isa = PBXBuildFile; fileRef = 5B7C3DEF203AFF82001C3928 /* Order.swift */; };
		5B7C3DF2203B0168001C3928 /* OrdersVC.swift in Sources */ = {isa = PBXBuildFile; fileRef = 5B7C3DF1203B0168001C3928 /* OrdersVC.swift */; };
		5B7C3DF4203B1A28001C3928 /* OrderCell.swift in Sources */ = {isa = PBXBuildFile; fileRef = 5B7C3DF3203B1A28001C3928 /* OrderCell.swift */; };
		5BDA4D3D2046B17E003EF43F /* EditProfVC.swift in Sources */ = {isa = PBXBuildFile; fileRef = 5BDA4D3C2046B17E003EF43F /* EditProfVC.swift */; };
		5BE12BDE202B2D2A00BED672 /* MainActionsVControllerTable.swift in Sources */ = {isa = PBXBuildFile; fileRef = 5BE12BDD202B2D2A00BED672 /* MainActionsVControllerTable.swift */; };
		5BE12BE0202B520B00BED672 /* ServiceViewController.swift in Sources */ = {isa = PBXBuildFile; fileRef = 5BE12BDF202B520B00BED672 /* ServiceViewController.swift */; };
		5BE12BE6202C74BA00BED672 /* Nationality.swift in Sources */ = {isa = PBXBuildFile; fileRef = 5BE12BE5202C74BA00BED672 /* Nationality.swift */; };
		5BE12BE8202C82BE00BED672 /* Service.swift in Sources */ = {isa = PBXBuildFile; fileRef = 5BE12BE7202C82BE00BED672 /* Service.swift */; };
		5BE12BF02030BFD400BED672 /* LoginViewController.swift in Sources */ = {isa = PBXBuildFile; fileRef = 5BE12BEF2030BFD400BED672 /* LoginViewController.swift */; };
		5BE12BF220319A3600BED672 /* SignUpViewController.swift in Sources */ = {isa = PBXBuildFile; fileRef = 5BE12BF120319A3600BED672 /* SignUpViewController.swift */; };
		5BE12BF42031BA6B00BED672 /* VisitDetailsVC.swift in Sources */ = {isa = PBXBuildFile; fileRef = 5BE12BF32031BA6B00BED672 /* VisitDetailsVC.swift */; };
		5BEADFEC2029D67D005A50BE /* HomeViewController.swift in Sources */ = {isa = PBXBuildFile; fileRef = 5BEADFEB2029D67D005A50BE /* HomeViewController.swift */; };
		5BF3144E203ADEBD005A9432 /* Make_order.swift in Sources */ = {isa = PBXBuildFile; fileRef = 5BF3144D203ADEBD005A9432 /* Make_order.swift */; };
		7469B399223D2C74009079FD /* ForgetPasswordVC.swift in Sources */ = {isa = PBXBuildFile; fileRef = 7469B398223D2C74009079FD /* ForgetPasswordVC.swift */; };
		7469B39B223D2CC2009079FD /* RoundedTextField.swift in Sources */ = {isa = PBXBuildFile; fileRef = 7469B39A223D2CC2009079FD /* RoundedTextField.swift */; };
		910863B1223AD2BF0062A8A1 /* SideMenuVC.swift in Sources */ = {isa = PBXBuildFile; fileRef = 910863B0223AD2BF0062A8A1 /* SideMenuVC.swift */; };
		910C64FA2236B89500BA1084 /* UIColorExtention.swift in Sources */ = {isa = PBXBuildFile; fileRef = 910C64F92236B89500BA1084 /* UIColorExtention.swift */; };
		91124658223CF245006E6AE3 /* shadowView.swift in Sources */ = {isa = PBXBuildFile; fileRef = 91124657223CF245006E6AE3 /* shadowView.swift */; };
		911398222236D83700F2F850 /* DiscoverVC.swift in Sources */ = {isa = PBXBuildFile; fileRef = 9113981F2236D83700F2F850 /* DiscoverVC.swift */; };
		911860AE223D7B7700D143AF /* profileTextField.swift in Sources */ = {isa = PBXBuildFile; fileRef = 911860AD223D7B7700D143AF /* profileTextField.swift */; };
		9124C6582258B33B0013C697 /* DiscoverCell.swift in Sources */ = {isa = PBXBuildFile; fileRef = 9124C6572258B33B0013C697 /* DiscoverCell.swift */; };
		9129D670225908E00035714B /* shadowLabel.swift in Sources */ = {isa = PBXBuildFile; fileRef = 9129D66F225908E00035714B /* shadowLabel.swift */; };
		915360A4223BD21A00CFD783 /* ConditionVC.swift in Sources */ = {isa = PBXBuildFile; fileRef = 915360A3223BD21A00CFD783 /* ConditionVC.swift */; };
		915360A6223BD48500CFD783 /* conditionView.swift in Sources */ = {isa = PBXBuildFile; fileRef = 915360A5223BD48500CFD783 /* conditionView.swift */; };
		989966BDF70DB9D7E1EE6011 /* Pods_maged.framework in Frameworks */ = {isa = PBXBuildFile; fileRef = FF76841EEAF1C34A08E22588 /* Pods_maged.framework */; };
		D90B36CB20E0B866004B78ED /* BaseViewController.swift in Sources */ = {isa = PBXBuildFile; fileRef = D90B36CA20E0B866004B78ED /* BaseViewController.swift */; };
		D90DE6692115E6040085FC38 /* notfiction_model.swift in Sources */ = {isa = PBXBuildFile; fileRef = D90DE6682115E6040085FC38 /* notfiction_model.swift */; };
		D90DE66B2115F1490085FC38 /* notifctio.swift in Sources */ = {isa = PBXBuildFile; fileRef = D90DE66A2115F1490085FC38 /* notifctio.swift */; };
		D913FF4F20F37CD6003E072C /* Language.swift in Sources */ = {isa = PBXBuildFile; fileRef = D913FF3A20F37CD5003E072C /* Language.swift */; };
		D913FF5020F37CD6003E072C /* Alert.swift in Sources */ = {isa = PBXBuildFile; fileRef = D913FF3B20F37CD5003E072C /* Alert.swift */; };
		D913FF5120F37CD6003E072C /* Localizer.swift in Sources */ = {isa = PBXBuildFile; fileRef = D913FF3C20F37CD5003E072C /* Localizer.swift */; };
		D913FF5220F37CD6003E072C /* Cache.swift in Sources */ = {isa = PBXBuildFile; fileRef = D913FF3D20F37CD5003E072C /* Cache.swift */; };
		D913FF5320F37CD6003E072C /* UIImageViewExtension.swift in Sources */ = {isa = PBXBuildFile; fileRef = D913FF3F20F37CD5003E072C /* UIImageViewExtension.swift */; };
		D913FF5420F37CD6003E072C /* UIColorExtension.swift in Sources */ = {isa = PBXBuildFile; fileRef = D913FF4020F37CD5003E072C /* UIColorExtension.swift */; };
		D913FF5520F37CD6003E072C /* UIScrollViewExtensions.swift in Sources */ = {isa = PBXBuildFile; fileRef = D913FF4120F37CD5003E072C /* UIScrollViewExtensions.swift */; };
		D913FF5620F37CD6003E072C /* NumberExtensions.swift in Sources */ = {isa = PBXBuildFile; fileRef = D913FF4220F37CD5003E072C /* NumberExtensions.swift */; };
		D913FF5720F37CD6003E072C /* UIApplicationExtension.swift in Sources */ = {isa = PBXBuildFile; fileRef = D913FF4320F37CD5003E072C /* UIApplicationExtension.swift */; };
		D913FF5820F37CD6003E072C /* UIFontExensions.swift in Sources */ = {isa = PBXBuildFile; fileRef = D913FF4420F37CD5003E072C /* UIFontExensions.swift */; };
		D913FF5920F37CD6003E072C /* UIViewExtensions.swift in Sources */ = {isa = PBXBuildFile; fileRef = D913FF4520F37CD5003E072C /* UIViewExtensions.swift */; };
		D913FF5A20F37CD6003E072C /* String.swift in Sources */ = {isa = PBXBuildFile; fileRef = D913FF4620F37CD5003E072C /* String.swift */; };
		D913FF5B20F37CD6003E072C /* UIImageExtension.swift in Sources */ = {isa = PBXBuildFile; fileRef = D913FF4720F37CD5003E072C /* UIImageExtension.swift */; };
		D913FF5C20F37CD6003E072C /* Constants.swift in Sources */ = {isa = PBXBuildFile; fileRef = D913FF4920F37CD5003E072C /* Constants.swift */; };
		D913FF5D20F37CD6003E072C /* Localizable.strings in Resources */ = {isa = PBXBuildFile; fileRef = D913FF4A20F37CD5003E072C /* Localizable.strings */; };
		D913FF5E20F37CD6003E072C /* AlertController.swift in Sources */ = {isa = PBXBuildFile; fileRef = D913FF4E20F37CD6003E072C /* AlertController.swift */; };
		D91D74E020DA252A00EF2CE0 /* URls.swift in Sources */ = {isa = PBXBuildFile; fileRef = D91D74DF20DA252A00EF2CE0 /* URls.swift */; };
		D9965A50210B68D600ABACC8 /* Notifction_controller.swift in Sources */ = {isa = PBXBuildFile; fileRef = D9965A4F210B68D600ABACC8 /* Notifction_controller.swift */; };
		D9B0936D20CE42BE001524FE /* Customlabel.swift in Sources */ = {isa = PBXBuildFile; fileRef = D9B0936920CE42BD001524FE /* Customlabel.swift */; };
		D9B0936E20CE42BE001524FE /* CustomView.swift in Sources */ = {isa = PBXBuildFile; fileRef = D9B0936A20CE42BD001524FE /* CustomView.swift */; };
		D9B0936F20CE42BE001524FE /* CustomTextField.swift in Sources */ = {isa = PBXBuildFile; fileRef = D9B0936B20CE42BD001524FE /* CustomTextField.swift */; };
		D9B0937020CE42BE001524FE /* RoundedButton.swift in Sources */ = {isa = PBXBuildFile; fileRef = D9B0936C20CE42BE001524FE /* RoundedButton.swift */; };
		D9B7EFD620DABD2800C09E24 /* API.swift in Sources */ = {isa = PBXBuildFile; fileRef = D9B7EFD520DABD2800C09E24 /* API.swift */; };
		D9F7824420DA2FC000496C60 /* Orders_model.swift in Sources */ = {isa = PBXBuildFile; fileRef = D9F7824320DA2FC000496C60 /* Orders_model.swift */; };
/* End PBXBuildFile section */

/* Begin PBXFileReference section */
		5B1C5DA82026D04B005F8575 /* maged.app */ = {isa = PBXFileReference; explicitFileType = wrapper.application; includeInIndex = 0; path = maged.app; sourceTree = BUILT_PRODUCTS_DIR; };
		5B1C5DAB2026D04B005F8575 /* AppDelegate.swift */ = {isa = PBXFileReference; lastKnownFileType = sourcecode.swift; path = AppDelegate.swift; sourceTree = "<group>"; };
		5B1C5DB02026D04B005F8575 /* Base */ = {isa = PBXFileReference; lastKnownFileType = file.storyboard; name = Base; path = Base.lproj/Main.storyboard; sourceTree = "<group>"; };
		5B1C5DB32026D04B005F8575 /* maged.xcdatamodel */ = {isa = PBXFileReference; lastKnownFileType = wrapper.xcdatamodel; path = maged.xcdatamodel; sourceTree = "<group>"; };
		5B1C5DB52026D04B005F8575 /* Assets.xcassets */ = {isa = PBXFileReference; lastKnownFileType = folder.assetcatalog; path = Assets.xcassets; sourceTree = "<group>"; };
		5B1C5DB82026D04B005F8575 /* Base */ = {isa = PBXFileReference; lastKnownFileType = file.storyboard; name = Base; path = Base.lproj/LaunchScreen.storyboard; sourceTree = "<group>"; };
		5B1C5DBA2026D04B005F8575 /* Info.plist */ = {isa = PBXFileReference; lastKnownFileType = text.plist.xml; path = Info.plist; sourceTree = "<group>"; };
		5B1C5DC72027548A005F8575 /* MainViewController.swift */ = {isa = PBXFileReference; fileEncoding = 4; lastKnownFileType = sourcecode.swift; path = MainViewController.swift; sourceTree = "<group>"; };
		5B429A63204554940074A7C9 /* OrderDetailsVC.swift */ = {isa = PBXFileReference; fileEncoding = 4; lastKnownFileType = sourcecode.swift; path = OrderDetailsVC.swift; sourceTree = "<group>"; };
		5B7C3DEF203AFF82001C3928 /* Order.swift */ = {isa = PBXFileReference; fileEncoding = 4; lastKnownFileType = sourcecode.swift; path = Order.swift; sourceTree = "<group>"; };
		5B7C3DF1203B0168001C3928 /* OrdersVC.swift */ = {isa = PBXFileReference; fileEncoding = 4; lastKnownFileType = sourcecode.swift; path = OrdersVC.swift; sourceTree = "<group>"; };
		5B7C3DF3203B1A28001C3928 /* OrderCell.swift */ = {isa = PBXFileReference; fileEncoding = 4; lastKnownFileType = sourcecode.swift; path = OrderCell.swift; sourceTree = "<group>"; };
		5BDA4D3C2046B17E003EF43F /* EditProfVC.swift */ = {isa = PBXFileReference; fileEncoding = 4; lastKnownFileType = sourcecode.swift; path = EditProfVC.swift; sourceTree = "<group>"; };
		5BE12BDD202B2D2A00BED672 /* MainActionsVControllerTable.swift */ = {isa = PBXFileReference; fileEncoding = 4; lastKnownFileType = sourcecode.swift; path = MainActionsVControllerTable.swift; sourceTree = "<group>"; };
		5BE12BDF202B520B00BED672 /* ServiceViewController.swift */ = {isa = PBXFileReference; fileEncoding = 4; lastKnownFileType = sourcecode.swift; path = ServiceViewController.swift; sourceTree = "<group>"; };
		5BE12BE5202C74BA00BED672 /* Nationality.swift */ = {isa = PBXFileReference; fileEncoding = 4; lastKnownFileType = sourcecode.swift; path = Nationality.swift; sourceTree = "<group>"; };
		5BE12BE7202C82BE00BED672 /* Service.swift */ = {isa = PBXFileReference; fileEncoding = 4; lastKnownFileType = sourcecode.swift; path = Service.swift; sourceTree = "<group>"; };
		5BE12BEF2030BFD400BED672 /* LoginViewController.swift */ = {isa = PBXFileReference; fileEncoding = 4; lastKnownFileType = sourcecode.swift; path = LoginViewController.swift; sourceTree = "<group>"; };
		5BE12BF120319A3600BED672 /* SignUpViewController.swift */ = {isa = PBXFileReference; fileEncoding = 4; lastKnownFileType = sourcecode.swift; path = SignUpViewController.swift; sourceTree = "<group>"; };
		5BE12BF32031BA6B00BED672 /* VisitDetailsVC.swift */ = {isa = PBXFileReference; fileEncoding = 4; lastKnownFileType = sourcecode.swift; path = VisitDetailsVC.swift; sourceTree = "<group>"; };
		5BEADFEB2029D67D005A50BE /* HomeViewController.swift */ = {isa = PBXFileReference; fileEncoding = 4; lastKnownFileType = sourcecode.swift; path = HomeViewController.swift; sourceTree = "<group>"; };
		5BF3144D203ADEBD005A9432 /* Make_order.swift */ = {isa = PBXFileReference; fileEncoding = 4; lastKnownFileType = sourcecode.swift; path = Make_order.swift; sourceTree = "<group>"; };
		70159CC12A58FA81A2DB4991 /* Pods-maged.debug.xcconfig */ = {isa = PBXFileReference; includeInIndex = 1; lastKnownFileType = text.xcconfig; name = "Pods-maged.debug.xcconfig"; path = "Pods/Target Support Files/Pods-maged/Pods-maged.debug.xcconfig"; sourceTree = "<group>"; };
		7469B398223D2C74009079FD /* ForgetPasswordVC.swift */ = {isa = PBXFileReference; fileEncoding = 4; lastKnownFileType = sourcecode.swift; path = ForgetPasswordVC.swift; sourceTree = "<group>"; };
		7469B39A223D2CC2009079FD /* RoundedTextField.swift */ = {isa = PBXFileReference; fileEncoding = 4; lastKnownFileType = sourcecode.swift; path = RoundedTextField.swift; sourceTree = "<group>"; };
		9104F3D2225A5DDB0089D6D0 /* SideMenu-master */ = {isa = PBXFileReference; lastKnownFileType = folder; name = "SideMenu-master"; path = "maged/SideMenu-master"; sourceTree = "<group>"; };
		910863B0223AD2BF0062A8A1 /* SideMenuVC.swift */ = {isa = PBXFileReference; fileEncoding = 4; lastKnownFileType = sourcecode.swift; path = SideMenuVC.swift; sourceTree = "<group>"; };
		910C64F92236B89500BA1084 /* UIColorExtention.swift */ = {isa = PBXFileReference; lastKnownFileType = sourcecode.swift; path = UIColorExtention.swift; sourceTree = "<group>"; };
		91124657223CF245006E6AE3 /* shadowView.swift */ = {isa = PBXFileReference; lastKnownFileType = sourcecode.swift; path = shadowView.swift; sourceTree = "<group>"; };
		9113981F2236D83700F2F850 /* DiscoverVC.swift */ = {isa = PBXFileReference; fileEncoding = 4; lastKnownFileType = sourcecode.swift; path = DiscoverVC.swift; sourceTree = "<group>"; };
		911860AD223D7B7700D143AF /* profileTextField.swift */ = {isa = PBXFileReference; lastKnownFileType = sourcecode.swift; path = profileTextField.swift; sourceTree = "<group>"; };
		9124C6572258B33B0013C697 /* DiscoverCell.swift */ = {isa = PBXFileReference; lastKnownFileType = sourcecode.swift; path = DiscoverCell.swift; sourceTree = "<group>"; };
		9129D66F225908E00035714B /* shadowLabel.swift */ = {isa = PBXFileReference; lastKnownFileType = sourcecode.swift; path = shadowLabel.swift; sourceTree = "<group>"; };
		913111EF2261FD7E0048B23F /* maged.entitlements */ = {isa = PBXFileReference; lastKnownFileType = text.plist.entitlements; path = maged.entitlements; sourceTree = "<group>"; };
		914F93EB2242E0060047F5BA /* SideMenu-master */ = {isa = PBXFileReference; lastKnownFileType = folder; name = "SideMenu-master"; path = "../../../../Downloads/SideMenu-master"; sourceTree = "<group>"; };
		915360A3223BD21A00CFD783 /* ConditionVC.swift */ = {isa = PBXFileReference; lastKnownFileType = sourcecode.swift; path = ConditionVC.swift; sourceTree = "<group>"; };
		915360A5223BD48500CFD783 /* conditionView.swift */ = {isa = PBXFileReference; lastKnownFileType = sourcecode.swift; path = conditionView.swift; sourceTree = "<group>"; };
		D90B36CA20E0B866004B78ED /* BaseViewController.swift */ = {isa = PBXFileReference; lastKnownFileType = sourcecode.swift; path = BaseViewController.swift; sourceTree = "<group>"; };
		D90DE6682115E6040085FC38 /* notfiction_model.swift */ = {isa = PBXFileReference; lastKnownFileType = sourcecode.swift; path = notfiction_model.swift; sourceTree = "<group>"; };
		D90DE66A2115F1490085FC38 /* notifctio.swift */ = {isa = PBXFileReference; lastKnownFileType = sourcecode.swift; path = notifctio.swift; sourceTree = "<group>"; };
		D913FF3520F37ADB003E072C /* ar */ = {isa = PBXFileReference; lastKnownFileType = text.plist.strings; name = ar; path = ar.lproj/LaunchScreen.strings; sourceTree = "<group>"; };
		D913FF3A20F37CD5003E072C /* Language.swift */ = {isa = PBXFileReference; fileEncoding = 4; lastKnownFileType = sourcecode.swift; path = Language.swift; sourceTree = "<group>"; };
		D913FF3B20F37CD5003E072C /* Alert.swift */ = {isa = PBXFileReference; fileEncoding = 4; lastKnownFileType = sourcecode.swift; path = Alert.swift; sourceTree = "<group>"; };
		D913FF3C20F37CD5003E072C /* Localizer.swift */ = {isa = PBXFileReference; fileEncoding = 4; lastKnownFileType = sourcecode.swift; path = Localizer.swift; sourceTree = "<group>"; };
		D913FF3D20F37CD5003E072C /* Cache.swift */ = {isa = PBXFileReference; fileEncoding = 4; lastKnownFileType = sourcecode.swift; path = Cache.swift; sourceTree = "<group>"; };
		D913FF3F20F37CD5003E072C /* UIImageViewExtension.swift */ = {isa = PBXFileReference; fileEncoding = 4; lastKnownFileType = sourcecode.swift; path = UIImageViewExtension.swift; sourceTree = "<group>"; };
		D913FF4020F37CD5003E072C /* UIColorExtension.swift */ = {isa = PBXFileReference; fileEncoding = 4; lastKnownFileType = sourcecode.swift; path = UIColorExtension.swift; sourceTree = "<group>"; };
		D913FF4120F37CD5003E072C /* UIScrollViewExtensions.swift */ = {isa = PBXFileReference; fileEncoding = 4; lastKnownFileType = sourcecode.swift; path = UIScrollViewExtensions.swift; sourceTree = "<group>"; };
		D913FF4220F37CD5003E072C /* NumberExtensions.swift */ = {isa = PBXFileReference; fileEncoding = 4; lastKnownFileType = sourcecode.swift; path = NumberExtensions.swift; sourceTree = "<group>"; };
		D913FF4320F37CD5003E072C /* UIApplicationExtension.swift */ = {isa = PBXFileReference; fileEncoding = 4; lastKnownFileType = sourcecode.swift; path = UIApplicationExtension.swift; sourceTree = "<group>"; };
		D913FF4420F37CD5003E072C /* UIFontExensions.swift */ = {isa = PBXFileReference; fileEncoding = 4; lastKnownFileType = sourcecode.swift; path = UIFontExensions.swift; sourceTree = "<group>"; };
		D913FF4520F37CD5003E072C /* UIViewExtensions.swift */ = {isa = PBXFileReference; fileEncoding = 4; lastKnownFileType = sourcecode.swift; path = UIViewExtensions.swift; sourceTree = "<group>"; };
		D913FF4620F37CD5003E072C /* String.swift */ = {isa = PBXFileReference; fileEncoding = 4; lastKnownFileType = sourcecode.swift; path = String.swift; sourceTree = "<group>"; };
		D913FF4720F37CD5003E072C /* UIImageExtension.swift */ = {isa = PBXFileReference; fileEncoding = 4; lastKnownFileType = sourcecode.swift; path = UIImageExtension.swift; sourceTree = "<group>"; };
		D913FF4920F37CD5003E072C /* Constants.swift */ = {isa = PBXFileReference; fileEncoding = 4; lastKnownFileType = sourcecode.swift; path = Constants.swift; sourceTree = "<group>"; };
		D913FF4B20F37CD5003E072C /* ar */ = {isa = PBXFileReference; lastKnownFileType = text.plist.strings; name = ar; path = ar.lproj/Localizable.strings; sourceTree = "<group>"; };
		D913FF4C20F37CD5003E072C /* Base */ = {isa = PBXFileReference; lastKnownFileType = text.plist.strings; name = Base; path = Base.lproj/Localizable.strings; sourceTree = "<group>"; };
		D913FF4E20F37CD6003E072C /* AlertController.swift */ = {isa = PBXFileReference; fileEncoding = 4; lastKnownFileType = sourcecode.swift; path = AlertController.swift; sourceTree = "<group>"; };
		D91D74DF20DA252A00EF2CE0 /* URls.swift */ = {isa = PBXFileReference; lastKnownFileType = sourcecode.swift; path = URls.swift; sourceTree = "<group>"; };
		D953FAFE211668400074AE54 /* ar */ = {isa = PBXFileReference; lastKnownFileType = text.plist.strings; name = ar; path = ar.lproj/Main.strings; sourceTree = "<group>"; };
		D9965A4F210B68D600ABACC8 /* Notifction_controller.swift */ = {isa = PBXFileReference; lastKnownFileType = sourcecode.swift; path = Notifction_controller.swift; sourceTree = "<group>"; };
		D9B0936920CE42BD001524FE /* Customlabel.swift */ = {isa = PBXFileReference; fileEncoding = 4; lastKnownFileType = sourcecode.swift; path = Customlabel.swift; sourceTree = "<group>"; };
		D9B0936A20CE42BD001524FE /* CustomView.swift */ = {isa = PBXFileReference; fileEncoding = 4; lastKnownFileType = sourcecode.swift; path = CustomView.swift; sourceTree = "<group>"; };
		D9B0936B20CE42BD001524FE /* CustomTextField.swift */ = {isa = PBXFileReference; fileEncoding = 4; lastKnownFileType = sourcecode.swift; path = CustomTextField.swift; sourceTree = "<group>"; };
		D9B0936C20CE42BE001524FE /* RoundedButton.swift */ = {isa = PBXFileReference; fileEncoding = 4; lastKnownFileType = sourcecode.swift; path = RoundedButton.swift; sourceTree = "<group>"; };
		D9B7EFD520DABD2800C09E24 /* API.swift */ = {isa = PBXFileReference; lastKnownFileType = sourcecode.swift; path = API.swift; sourceTree = "<group>"; };
		D9F7824320DA2FC000496C60 /* Orders_model.swift */ = {isa = PBXFileReference; lastKnownFileType = sourcecode.swift; path = Orders_model.swift; sourceTree = "<group>"; };
		F4629DA49AC247ECF9F10B57 /* Pods-maged.release.xcconfig */ = {isa = PBXFileReference; includeInIndex = 1; lastKnownFileType = text.xcconfig; name = "Pods-maged.release.xcconfig"; path = "Pods/Target Support Files/Pods-maged/Pods-maged.release.xcconfig"; sourceTree = "<group>"; };
		FF76841EEAF1C34A08E22588 /* Pods_maged.framework */ = {isa = PBXFileReference; explicitFileType = wrapper.framework; includeInIndex = 0; path = Pods_maged.framework; sourceTree = BUILT_PRODUCTS_DIR; };
/* End PBXFileReference section */

/* Begin PBXFrameworksBuildPhase section */
		5B1C5DA52026D04B005F8575 /* Frameworks */ = {
			isa = PBXFrameworksBuildPhase;
			buildActionMask = 2147483647;
			files = (
				989966BDF70DB9D7E1EE6011 /* Pods_maged.framework in Frameworks */,
			);
			runOnlyForDeploymentPostprocessing = 0;
		};
/* End PBXFrameworksBuildPhase section */

/* Begin PBXGroup section */
		108BE8FBF791AB926C03F8BC /* Frameworks */ = {
			isa = PBXGroup;
			children = (
				914F93EB2242E0060047F5BA /* SideMenu-master */,
				9104F3D2225A5DDB0089D6D0 /* SideMenu-master */,
				FF76841EEAF1C34A08E22588 /* Pods_maged.framework */,
			);
			name = Frameworks;
			sourceTree = "<group>";
		};
		5961722E75C8FE5B783EFA60 /* Pods */ = {
			isa = PBXGroup;
			children = (
				70159CC12A58FA81A2DB4991 /* Pods-maged.debug.xcconfig */,
				F4629DA49AC247ECF9F10B57 /* Pods-maged.release.xcconfig */,
			);
			name = Pods;
			sourceTree = "<group>";
		};
		5B1C5D9F2026D04B005F8575 = {
			isa = PBXGroup;
			children = (
				5B1C5DAA2026D04B005F8575 /* maged */,
				5B1C5DA92026D04B005F8575 /* Products */,
				5961722E75C8FE5B783EFA60 /* Pods */,
				108BE8FBF791AB926C03F8BC /* Frameworks */,
			);
			sourceTree = "<group>";
		};
		5B1C5DA92026D04B005F8575 /* Products */ = {
			isa = PBXGroup;
			children = (
				5B1C5DA82026D04B005F8575 /* maged.app */,
			);
			name = Products;
			sourceTree = "<group>";
		};
		5B1C5DAA2026D04B005F8575 /* maged */ = {
			isa = PBXGroup;
			children = (
				913111EF2261FD7E0048B23F /* maged.entitlements */,
				D913FF3820F37CB5003E072C /* ahmed ashraf */,
				D91D74DE20DA23B500EF2CE0 /* Utilty */,
				D91D74DD20DA23AC00EF2CE0 /* API */,
				D91D74D520DA1F8D00EF2CE0 /* Controller */,
				D91D74D420DA1F7F00EF2CE0 /* View */,
				D91D74D320DA1F7500EF2CE0 /* Modle */,
				D913FF3E20F37CD5003E072C /* Extenssion */,
				D913FF3920F37CD5003E072C /* Handlers */,
				D913FF4D20F37CD6003E072C /* Helper */,
				D913FF4820F37CD5003E072C /* Resources */,
				5B1C5DBA2026D04B005F8575 /* Info.plist */,
				5B1C5DB22026D04B005F8575 /* maged.xcdatamodeld */,
			);
			path = maged;
			sourceTree = "<group>";
		};
		D913FF3820F37CB5003E072C /* ahmed ashraf */ = {
			isa = PBXGroup;
			children = (
				5BE12BDF202B520B00BED672 /* ServiceViewController.swift */,
				5BE12BE5202C74BA00BED672 /* Nationality.swift */,
				5BE12BE7202C82BE00BED672 /* Service.swift */,
				5BE12BF32031BA6B00BED672 /* VisitDetailsVC.swift */,
				5B7C3DEF203AFF82001C3928 /* Order.swift */,
				9113981F2236D83700F2F850 /* DiscoverVC.swift */,
				9124C6572258B33B0013C697 /* DiscoverCell.swift */,
			);
			path = "ahmed ashraf";
			sourceTree = "<group>";
		};
		D913FF3920F37CD5003E072C /* Handlers */ = {
			isa = PBXGroup;
			children = (
				D913FF3A20F37CD5003E072C /* Language.swift */,
				D913FF3B20F37CD5003E072C /* Alert.swift */,
				D913FF3C20F37CD5003E072C /* Localizer.swift */,
				D913FF3D20F37CD5003E072C /* Cache.swift */,
			);
			path = Handlers;
			sourceTree = "<group>";
		};
		D913FF3E20F37CD5003E072C /* Extenssion */ = {
			isa = PBXGroup;
			children = (
				D913FF3F20F37CD5003E072C /* UIImageViewExtension.swift */,
				910C64F92236B89500BA1084 /* UIColorExtention.swift */,
				D913FF4020F37CD5003E072C /* UIColorExtension.swift */,
				D913FF4120F37CD5003E072C /* UIScrollViewExtensions.swift */,
				D913FF4220F37CD5003E072C /* NumberExtensions.swift */,
				D913FF4320F37CD5003E072C /* UIApplicationExtension.swift */,
				D913FF4420F37CD5003E072C /* UIFontExensions.swift */,
				D913FF4520F37CD5003E072C /* UIViewExtensions.swift */,
				D913FF4620F37CD5003E072C /* String.swift */,
				D913FF4720F37CD5003E072C /* UIImageExtension.swift */,
			);
			path = Extenssion;
			sourceTree = "<group>";
		};
		D913FF4820F37CD5003E072C /* Resources */ = {
			isa = PBXGroup;
			children = (
				D913FF4920F37CD5003E072C /* Constants.swift */,
				D913FF4A20F37CD5003E072C /* Localizable.strings */,
			);
			path = Resources;
			sourceTree = "<group>";
		};
		D913FF4D20F37CD6003E072C /* Helper */ = {
			isa = PBXGroup;
			children = (
				D913FF4E20F37CD6003E072C /* AlertController.swift */,
			);
			path = Helper;
			sourceTree = "<group>";
		};
		D91D74D320DA1F7500EF2CE0 /* Modle */ = {
			isa = PBXGroup;
			children = (
				D9F7824320DA2FC000496C60 /* Orders_model.swift */,
				D90DE6682115E6040085FC38 /* notfiction_model.swift */,
			);
			path = Modle;
			sourceTree = "<group>";
		};
		D91D74D420DA1F7F00EF2CE0 /* View */ = {
			isa = PBXGroup;
			children = (
				D90B36CA20E0B866004B78ED /* BaseViewController.swift */,
				7469B39A223D2CC2009079FD /* RoundedTextField.swift */,
				D9B0936C20CE42BE001524FE /* RoundedButton.swift */,
				D9B0936920CE42BD001524FE /* Customlabel.swift */,
				D9B0936B20CE42BD001524FE /* CustomTextField.swift */,
				D9B0936A20CE42BD001524FE /* CustomView.swift */,
				915360A5223BD48500CFD783 /* conditionView.swift */,
			);
			path = View;
			sourceTree = "<group>";
		};
		D91D74D520DA1F8D00EF2CE0 /* Controller */ = {
			isa = PBXGroup;
			children = (
				D9965A4E210B68A900ABACC8 /* notifction */,
				D91D74D820DA208800EF2CE0 /* Home */,
				D91D74D720DA1FFB00EF2CE0 /* Mnue */,
				D91D74D620DA1F9F00EF2CE0 /* Auth */,
			);
			path = Controller;
			sourceTree = "<group>";
		};
		D91D74D620DA1F9F00EF2CE0 /* Auth */ = {
			isa = PBXGroup;
			children = (
				5BE12BEF2030BFD400BED672 /* LoginViewController.swift */,
				5BE12BF120319A3600BED672 /* SignUpViewController.swift */,
				915360A3223BD21A00CFD783 /* ConditionVC.swift */,
				7469B398223D2C74009079FD /* ForgetPasswordVC.swift */,
			);
			path = Auth;
			sourceTree = "<group>";
		};
		D91D74D720DA1FFB00EF2CE0 /* Mnue */ = {
			isa = PBXGroup;
			children = (
				910863B0223AD2BF0062A8A1 /* SideMenuVC.swift */,
			);
			path = Mnue;
			sourceTree = "<group>";
		};
		D91D74D820DA208800EF2CE0 /* Home */ = {
			isa = PBXGroup;
			children = (
				5B1C5DC72027548A005F8575 /* MainViewController.swift */,
				D91D74D920DA20CE00EF2CE0 /* home */,
				D91D74DA20DA219800EF2CE0 /* Orders */,
				D91D74DC20DA236800EF2CE0 /* Edit_Profile */,
			);
			path = Home;
			sourceTree = "<group>";
		};
		D91D74D920DA20CE00EF2CE0 /* home */ = {
			isa = PBXGroup;
			children = (
				5BEADFEB2029D67D005A50BE /* HomeViewController.swift */,
				5BE12BDD202B2D2A00BED672 /* MainActionsVControllerTable.swift */,
				5BF3144D203ADEBD005A9432 /* Make_order.swift */,
			);
			path = home;
			sourceTree = "<group>";
		};
		D91D74DA20DA219800EF2CE0 /* Orders */ = {
			isa = PBXGroup;
			children = (
				5B7C3DF1203B0168001C3928 /* OrdersVC.swift */,
				5B7C3DF3203B1A28001C3928 /* OrderCell.swift */,
				D91D74DB20DA220400EF2CE0 /* Order_datile */,
			);
			path = Orders;
			sourceTree = "<group>";
		};
		D91D74DB20DA220400EF2CE0 /* Order_datile */ = {
			isa = PBXGroup;
			children = (
				5B429A63204554940074A7C9 /* OrderDetailsVC.swift */,
			);
			path = Order_datile;
			sourceTree = "<group>";
		};
		D91D74DC20DA236800EF2CE0 /* Edit_Profile */ = {
			isa = PBXGroup;
			children = (
				5BDA4D3C2046B17E003EF43F /* EditProfVC.swift */,
				91124657223CF245006E6AE3 /* shadowView.swift */,
				911860AD223D7B7700D143AF /* profileTextField.swift */,
				9129D66F225908E00035714B /* shadowLabel.swift */,
			);
			path = Edit_Profile;
			sourceTree = "<group>";
		};
		D91D74DD20DA23AC00EF2CE0 /* API */ = {
			isa = PBXGroup;
			children = (
				D9B7EFD520DABD2800C09E24 /* API.swift */,
			);
			path = API;
			sourceTree = "<group>";
		};
		D91D74DE20DA23B500EF2CE0 /* Utilty */ = {
			isa = PBXGroup;
			children = (
				5B1C5DAB2026D04B005F8575 /* AppDelegate.swift */,
				5B1C5DAF2026D04B005F8575 /* Main.storyboard */,
				5B1C5DB52026D04B005F8575 /* Assets.xcassets */,
				5B1C5DB72026D04B005F8575 /* LaunchScreen.storyboard */,
				D91D74DF20DA252A00EF2CE0 /* URls.swift */,
			);
			path = Utilty;
			sourceTree = "<group>";
		};
		D9965A4E210B68A900ABACC8 /* notifction */ = {
			isa = PBXGroup;
			children = (
				D9965A4F210B68D600ABACC8 /* Notifction_controller.swift */,
				D90DE66A2115F1490085FC38 /* notifctio.swift */,
			);
			path = notifction;
			sourceTree = "<group>";
		};
/* End PBXGroup section */

/* Begin PBXNativeTarget section */
		5B1C5DA72026D04B005F8575 /* maged */ = {
			isa = PBXNativeTarget;
			buildConfigurationList = 5B1C5DBD2026D04B005F8575 /* Build configuration list for PBXNativeTarget "maged" */;
			buildPhases = (
				167BAB3C0C02D94341C81C2B /* [CP] Check Pods Manifest.lock */,
				5B1C5DA42026D04B005F8575 /* Sources */,
				5B1C5DA52026D04B005F8575 /* Frameworks */,
				5B1C5DA62026D04B005F8575 /* Resources */,
				EA89954ADBDABD350A19F88B /* [CP] Embed Pods Frameworks */,
				1722C3B9C739DCA7FDFB3F67 /* [CP] Copy Pods Resources */,
			);
			buildRules = (
			);
			dependencies = (
			);
			name = maged;
			productName = maged;
			productReference = 5B1C5DA82026D04B005F8575 /* maged.app */;
			productType = "com.apple.product-type.application";
		};
/* End PBXNativeTarget section */

/* Begin PBXProject section */
		5B1C5DA02026D04B005F8575 /* Project object */ = {
			isa = PBXProject;
			attributes = {
				LastSwiftUpdateCheck = 0830;
				LastUpgradeCheck = 1000;
				ORGANIZATIONNAME = maged;
				TargetAttributes = {
					5B1C5DA72026D04B005F8575 = {
						CreatedOnToolsVersion = 8.3.2;
						DevelopmentTeam = QATASNWS98;
						ProvisioningStyle = Automatic;
						SystemCapabilities = {
							com.apple.BackgroundModes = {
								enabled = 1;
							};
							com.apple.Push = {
								enabled = 1;
							};
							com.apple.Siri = {
								enabled = 0;
							};
						};
					};
				};
			};
			buildConfigurationList = 5B1C5DA32026D04B005F8575 /* Build configuration list for PBXProject "maged" */;
			compatibilityVersion = "Xcode 3.2";
			developmentRegion = English;
			hasScannedForEncodings = 0;
			knownRegions = (
				en,
				Base,
				ar,
			);
			mainGroup = 5B1C5D9F2026D04B005F8575;
			productRefGroup = 5B1C5DA92026D04B005F8575 /* Products */;
			projectDirPath = "";
			projectRoot = "";
			targets = (
				5B1C5DA72026D04B005F8575 /* maged */,
			);
		};
/* End PBXProject section */

/* Begin PBXResourcesBuildPhase section */
		5B1C5DA62026D04B005F8575 /* Resources */ = {
			isa = PBXResourcesBuildPhase;
			buildActionMask = 2147483647;
			files = (
				5B1C5DB92026D04B005F8575 /* LaunchScreen.storyboard in Resources */,
				D913FF5D20F37CD6003E072C /* Localizable.strings in Resources */,
				5B1C5DB62026D04B005F8575 /* Assets.xcassets in Resources */,
				5B1C5DB12026D04B005F8575 /* Main.storyboard in Resources */,
			);
			runOnlyForDeploymentPostprocessing = 0;
		};
/* End PBXResourcesBuildPhase section */

/* Begin PBXShellScriptBuildPhase section */
		167BAB3C0C02D94341C81C2B /* [CP] Check Pods Manifest.lock */ = {
			isa = PBXShellScriptBuildPhase;
			buildActionMask = 2147483647;
			files = (
			);
			inputPaths = (
				"${PODS_PODFILE_DIR_PATH}/Podfile.lock",
				"${PODS_ROOT}/Manifest.lock",
			);
			name = "[CP] Check Pods Manifest.lock";
			outputPaths = (
				"$(DERIVED_FILE_DIR)/Pods-maged-checkManifestLockResult.txt",
			);
			runOnlyForDeploymentPostprocessing = 0;
			shellPath = /bin/sh;
			shellScript = "diff \"${PODS_PODFILE_DIR_PATH}/Podfile.lock\" \"${PODS_ROOT}/Manifest.lock\" > /dev/null\nif [ $? != 0 ] ; then\n    # print error to STDERR\n    echo \"error: The sandbox is not in sync with the Podfile.lock. Run 'pod install' or update your CocoaPods installation.\" >&2\n    exit 1\nfi\n# This output is used by Xcode 'outputs' to avoid re-running this script phase.\necho \"SUCCESS\" > \"${SCRIPT_OUTPUT_FILE_0}\"\n";
			showEnvVarsInLog = 0;
		};
		1722C3B9C739DCA7FDFB3F67 /* [CP] Copy Pods Resources */ = {
			isa = PBXShellScriptBuildPhase;
			buildActionMask = 2147483647;
			files = (
			);
			inputPaths = (
				"${PODS_ROOT}/Target Support Files/Pods-maged/Pods-maged-resources.sh",
				"${PODS_ROOT}/GoogleMaps/Maps/Frameworks/GoogleMaps.framework/Resources/GoogleMaps.bundle",
				"${PODS_ROOT}/GooglePlacePicker/Frameworks/GooglePlacePicker.framework/Resources/GooglePlacePicker.bundle",
				"${PODS_ROOT}/GooglePlaces/Frameworks/GooglePlaces.framework/Resources/GooglePlaces.bundle",
			);
			name = "[CP] Copy Pods Resources";
			outputPaths = (
				"${TARGET_BUILD_DIR}/${UNLOCALIZED_RESOURCES_FOLDER_PATH}/GoogleMaps.bundle",
				"${TARGET_BUILD_DIR}/${UNLOCALIZED_RESOURCES_FOLDER_PATH}/GooglePlacePicker.bundle",
				"${TARGET_BUILD_DIR}/${UNLOCALIZED_RESOURCES_FOLDER_PATH}/GooglePlaces.bundle",
			);
			runOnlyForDeploymentPostprocessing = 0;
			shellPath = /bin/sh;
			shellScript = "\"${PODS_ROOT}/Target Support Files/Pods-maged/Pods-maged-resources.sh\"\n";
			showEnvVarsInLog = 0;
		};
		EA89954ADBDABD350A19F88B /* [CP] Embed Pods Frameworks */ = {
			isa = PBXShellScriptBuildPhase;
			buildActionMask = 2147483647;
			files = (
			);
			inputPaths = (
				"${PODS_ROOT}/Target Support Files/Pods-maged/Pods-maged-frameworks.sh",
				"${BUILT_PRODUCTS_DIR}/Alamofire/Alamofire.framework",
				"${BUILT_PRODUCTS_DIR}/CCMPopup/CCMPopup.framework",
				"${BUILT_PRODUCTS_DIR}/HCSStarRatingView/HCSStarRatingView.framework",
				"${BUILT_PRODUCTS_DIR}/IQKeyboardManagerSwift/IQKeyboardManagerSwift.framework",
				"${BUILT_PRODUCTS_DIR}/Kingfisher/Kingfisher.framework",
				"${BUILT_PRODUCTS_DIR}/MOLH/MOLH.framework",
				"${BUILT_PRODUCTS_DIR}/ObjectMapper/ObjectMapper.framework",
				"${BUILT_PRODUCTS_DIR}/SideMenu/SideMenu.framework",
				"${BUILT_PRODUCTS_DIR}/SwiftKeychainWrapper/SwiftKeychainWrapper.framework",
				"${BUILT_PRODUCTS_DIR}/SwiftMessages/SwiftMessages.framework",
				"${BUILT_PRODUCTS_DIR}/SwiftyJSON/SwiftyJSON.framework",
			);
			name = "[CP] Embed Pods Frameworks";
			outputPaths = (
				"${TARGET_BUILD_DIR}/${FRAMEWORKS_FOLDER_PATH}/Alamofire.framework",
				"${TARGET_BUILD_DIR}/${FRAMEWORKS_FOLDER_PATH}/CCMPopup.framework",
				"${TARGET_BUILD_DIR}/${FRAMEWORKS_FOLDER_PATH}/HCSStarRatingView.framework",
				"${TARGET_BUILD_DIR}/${FRAMEWORKS_FOLDER_PATH}/IQKeyboardManagerSwift.framework",
				"${TARGET_BUILD_DIR}/${FRAMEWORKS_FOLDER_PATH}/Kingfisher.framework",
				"${TARGET_BUILD_DIR}/${FRAMEWORKS_FOLDER_PATH}/MOLH.framework",
				"${TARGET_BUILD_DIR}/${FRAMEWORKS_FOLDER_PATH}/ObjectMapper.framework",
				"${TARGET_BUILD_DIR}/${FRAMEWORKS_FOLDER_PATH}/SideMenu.framework",
				"${TARGET_BUILD_DIR}/${FRAMEWORKS_FOLDER_PATH}/SwiftKeychainWrapper.framework",
				"${TARGET_BUILD_DIR}/${FRAMEWORKS_FOLDER_PATH}/SwiftMessages.framework",
				"${TARGET_BUILD_DIR}/${FRAMEWORKS_FOLDER_PATH}/SwiftyJSON.framework",
			);
			runOnlyForDeploymentPostprocessing = 0;
			shellPath = /bin/sh;
			shellScript = "\"${PODS_ROOT}/Target Support Files/Pods-maged/Pods-maged-frameworks.sh\"\n";
			showEnvVarsInLog = 0;
		};
/* End PBXShellScriptBuildPhase section */

/* Begin PBXSourcesBuildPhase section */
		5B1C5DA42026D04B005F8575 /* Sources */ = {
			isa = PBXSourcesBuildPhase;
			buildActionMask = 2147483647;
			files = (
				D9F7824420DA2FC000496C60 /* Orders_model.swift in Sources */,
				D913FF5E20F37CD6003E072C /* AlertController.swift in Sources */,
				D913FF5820F37CD6003E072C /* UIFontExensions.swift in Sources */,
				D9B0936F20CE42BE001524FE /* CustomTextField.swift in Sources */,
				9124C6582258B33B0013C697 /* DiscoverCell.swift in Sources */,
				5BE12BF02030BFD400BED672 /* LoginViewController.swift in Sources */,
				D913FF5920F37CD6003E072C /* UIViewExtensions.swift in Sources */,
				D913FF5220F37CD6003E072C /* Cache.swift in Sources */,
				5B7C3DF4203B1A28001C3928 /* OrderCell.swift in Sources */,
				D90B36CB20E0B866004B78ED /* BaseViewController.swift in Sources */,
				D9B0937020CE42BE001524FE /* RoundedButton.swift in Sources */,
				D91D74E020DA252A00EF2CE0 /* URls.swift in Sources */,
				7469B399223D2C74009079FD /* ForgetPasswordVC.swift in Sources */,
				911398222236D83700F2F850 /* DiscoverVC.swift in Sources */,
				D913FF5720F37CD6003E072C /* UIApplicationExtension.swift in Sources */,
				5B1C5DC82027548A005F8575 /* MainViewController.swift in Sources */,
				D913FF5520F37CD6003E072C /* UIScrollViewExtensions.swift in Sources */,
				5B1C5DAC2026D04B005F8575 /* AppDelegate.swift in Sources */,
				5BE12BE6202C74BA00BED672 /* Nationality.swift in Sources */,
				D913FF5620F37CD6003E072C /* NumberExtensions.swift in Sources */,
				D913FF5A20F37CD6003E072C /* String.swift in Sources */,
				D9B0936D20CE42BE001524FE /* Customlabel.swift in Sources */,
				D913FF5320F37CD6003E072C /* UIImageViewExtension.swift in Sources */,
				5BF3144E203ADEBD005A9432 /* Make_order.swift in Sources */,
				D90DE6692115E6040085FC38 /* notfiction_model.swift in Sources */,
				9129D670225908E00035714B /* shadowLabel.swift in Sources */,
				D90DE66B2115F1490085FC38 /* notifctio.swift in Sources */,
				D913FF5C20F37CD6003E072C /* Constants.swift in Sources */,
				D9B7EFD620DABD2800C09E24 /* API.swift in Sources */,
				5B1C5DB42026D04B005F8575 /* maged.xcdatamodeld in Sources */,
				915360A4223BD21A00CFD783 /* ConditionVC.swift in Sources */,
				5BE12BF220319A3600BED672 /* SignUpViewController.swift in Sources */,
				5B429A64204554940074A7C9 /* OrderDetailsVC.swift in Sources */,
				7469B39B223D2CC2009079FD /* RoundedTextField.swift in Sources */,
				D913FF5420F37CD6003E072C /* UIColorExtension.swift in Sources */,
				5BEADFEC2029D67D005A50BE /* HomeViewController.swift in Sources */,
				D913FF4F20F37CD6003E072C /* Language.swift in Sources */,
				91124658223CF245006E6AE3 /* shadowView.swift in Sources */,
				5B7C3DF0203AFF82001C3928 /* Order.swift in Sources */,
				D913FF5120F37CD6003E072C /* Localizer.swift in Sources */,
				5BDA4D3D2046B17E003EF43F /* EditProfVC.swift in Sources */,
				915360A6223BD48500CFD783 /* conditionView.swift in Sources */,
				D913FF5B20F37CD6003E072C /* UIImageExtension.swift in Sources */,
				910C64FA2236B89500BA1084 /* UIColorExtention.swift in Sources */,
				5BE12BE8202C82BE00BED672 /* Service.swift in Sources */,
				D9B0936E20CE42BE001524FE /* CustomView.swift in Sources */,
				5BE12BE0202B520B00BED672 /* ServiceViewController.swift in Sources */,
				5BE12BF42031BA6B00BED672 /* VisitDetailsVC.swift in Sources */,
				5BE12BDE202B2D2A00BED672 /* MainActionsVControllerTable.swift in Sources */,
				911860AE223D7B7700D143AF /* profileTextField.swift in Sources */,
				D913FF5020F37CD6003E072C /* Alert.swift in Sources */,
				D9965A50210B68D600ABACC8 /* Notifction_controller.swift in Sources */,
				910863B1223AD2BF0062A8A1 /* SideMenuVC.swift in Sources */,
				5B7C3DF2203B0168001C3928 /* OrdersVC.swift in Sources */,
			);
			runOnlyForDeploymentPostprocessing = 0;
		};
/* End PBXSourcesBuildPhase section */

/* Begin PBXVariantGroup section */
		5B1C5DAF2026D04B005F8575 /* Main.storyboard */ = {
			isa = PBXVariantGroup;
			children = (
				5B1C5DB02026D04B005F8575 /* Base */,
				D953FAFE211668400074AE54 /* ar */,
			);
			name = Main.storyboard;
			sourceTree = "<group>";
		};
		5B1C5DB72026D04B005F8575 /* LaunchScreen.storyboard */ = {
			isa = PBXVariantGroup;
			children = (
				5B1C5DB82026D04B005F8575 /* Base */,
				D913FF3520F37ADB003E072C /* ar */,
			);
			name = LaunchScreen.storyboard;
			sourceTree = "<group>";
		};
		D913FF4A20F37CD5003E072C /* Localizable.strings */ = {
			isa = PBXVariantGroup;
			children = (
				D913FF4B20F37CD5003E072C /* ar */,
				D913FF4C20F37CD5003E072C /* Base */,
			);
			name = Localizable.strings;
			sourceTree = "<group>";
		};
/* End PBXVariantGroup section */

/* Begin XCBuildConfiguration section */
		5B1C5DBB2026D04B005F8575 /* Debug */ = {
			isa = XCBuildConfiguration;
			buildSettings = {
				ALWAYS_SEARCH_USER_PATHS = NO;
				CLANG_ANALYZER_LOCALIZABILITY_NONLOCALIZED = YES;
				CLANG_ANALYZER_NONNULL = YES;
				CLANG_ANALYZER_NUMBER_OBJECT_CONVERSION = YES_AGGRESSIVE;
				CLANG_CXX_LANGUAGE_STANDARD = "gnu++0x";
				CLANG_CXX_LIBRARY = "libc++";
				CLANG_ENABLE_MODULES = YES;
				CLANG_ENABLE_OBJC_ARC = YES;
				CLANG_WARN_BLOCK_CAPTURE_AUTORELEASING = YES;
				CLANG_WARN_BOOL_CONVERSION = YES;
				CLANG_WARN_COMMA = YES;
				CLANG_WARN_CONSTANT_CONVERSION = YES;
				CLANG_WARN_DEPRECATED_OBJC_IMPLEMENTATIONS = YES;
				CLANG_WARN_DIRECT_OBJC_ISA_USAGE = YES_ERROR;
				CLANG_WARN_DOCUMENTATION_COMMENTS = YES;
				CLANG_WARN_EMPTY_BODY = YES;
				CLANG_WARN_ENUM_CONVERSION = YES;
				CLANG_WARN_INFINITE_RECURSION = YES;
				CLANG_WARN_INT_CONVERSION = YES;
				CLANG_WARN_NON_LITERAL_NULL_CONVERSION = YES;
				CLANG_WARN_OBJC_IMPLICIT_RETAIN_SELF = YES;
				CLANG_WARN_OBJC_LITERAL_CONVERSION = YES;
				CLANG_WARN_OBJC_ROOT_CLASS = YES_ERROR;
				CLANG_WARN_RANGE_LOOP_ANALYSIS = YES;
				CLANG_WARN_STRICT_PROTOTYPES = YES;
				CLANG_WARN_SUSPICIOUS_MOVE = YES;
				CLANG_WARN_UNREACHABLE_CODE = YES;
				CLANG_WARN__DUPLICATE_METHOD_MATCH = YES;
				"CODE_SIGN_IDENTITY[sdk=iphoneos*]" = "iPhone Developer";
				COPY_PHASE_STRIP = NO;
				DEBUG_INFORMATION_FORMAT = dwarf;
				ENABLE_STRICT_OBJC_MSGSEND = YES;
				ENABLE_TESTABILITY = YES;
				GCC_C_LANGUAGE_STANDARD = gnu99;
				GCC_DYNAMIC_NO_PIC = NO;
				GCC_NO_COMMON_BLOCKS = YES;
				GCC_OPTIMIZATION_LEVEL = 0;
				GCC_PREPROCESSOR_DEFINITIONS = (
					"DEBUG=1",
					"$(inherited)",
				);
				GCC_WARN_64_TO_32_BIT_CONVERSION = YES;
				GCC_WARN_ABOUT_RETURN_TYPE = YES_ERROR;
				GCC_WARN_UNDECLARED_SELECTOR = YES;
				GCC_WARN_UNINITIALIZED_AUTOS = YES_AGGRESSIVE;
				GCC_WARN_UNUSED_FUNCTION = YES;
				GCC_WARN_UNUSED_VARIABLE = YES;
				IPHONEOS_DEPLOYMENT_TARGET = 10.3;
				MTL_ENABLE_DEBUG_INFO = YES;
				ONLY_ACTIVE_ARCH = YES;
				SDKROOT = iphoneos;
				SWIFT_ACTIVE_COMPILATION_CONDITIONS = DEBUG;
				SWIFT_OPTIMIZATION_LEVEL = "-Onone";
				TARGETED_DEVICE_FAMILY = "1,2";
			};
			name = Debug;
		};
		5B1C5DBC2026D04B005F8575 /* Release */ = {
			isa = XCBuildConfiguration;
			buildSettings = {
				ALWAYS_SEARCH_USER_PATHS = NO;
				CLANG_ANALYZER_LOCALIZABILITY_NONLOCALIZED = YES;
				CLANG_ANALYZER_NONNULL = YES;
				CLANG_ANALYZER_NUMBER_OBJECT_CONVERSION = YES_AGGRESSIVE;
				CLANG_CXX_LANGUAGE_STANDARD = "gnu++0x";
				CLANG_CXX_LIBRARY = "libc++";
				CLANG_ENABLE_MODULES = YES;
				CLANG_ENABLE_OBJC_ARC = YES;
				CLANG_WARN_BLOCK_CAPTURE_AUTORELEASING = YES;
				CLANG_WARN_BOOL_CONVERSION = YES;
				CLANG_WARN_COMMA = YES;
				CLANG_WARN_CONSTANT_CONVERSION = YES;
				CLANG_WARN_DEPRECATED_OBJC_IMPLEMENTATIONS = YES;
				CLANG_WARN_DIRECT_OBJC_ISA_USAGE = YES_ERROR;
				CLANG_WARN_DOCUMENTATION_COMMENTS = YES;
				CLANG_WARN_EMPTY_BODY = YES;
				CLANG_WARN_ENUM_CONVERSION = YES;
				CLANG_WARN_INFINITE_RECURSION = YES;
				CLANG_WARN_INT_CONVERSION = YES;
				CLANG_WARN_NON_LITERAL_NULL_CONVERSION = YES;
				CLANG_WARN_OBJC_IMPLICIT_RETAIN_SELF = YES;
				CLANG_WARN_OBJC_LITERAL_CONVERSION = YES;
				CLANG_WARN_OBJC_ROOT_CLASS = YES_ERROR;
				CLANG_WARN_RANGE_LOOP_ANALYSIS = YES;
				CLANG_WARN_STRICT_PROTOTYPES = YES;
				CLANG_WARN_SUSPICIOUS_MOVE = YES;
				CLANG_WARN_UNREACHABLE_CODE = YES;
				CLANG_WARN__DUPLICATE_METHOD_MATCH = YES;
				"CODE_SIGN_IDENTITY[sdk=iphoneos*]" = "iPhone Developer";
				COPY_PHASE_STRIP = NO;
				DEBUG_INFORMATION_FORMAT = "dwarf-with-dsym";
				ENABLE_NS_ASSERTIONS = NO;
				ENABLE_STRICT_OBJC_MSGSEND = YES;
				GCC_C_LANGUAGE_STANDARD = gnu99;
				GCC_NO_COMMON_BLOCKS = YES;
				GCC_WARN_64_TO_32_BIT_CONVERSION = YES;
				GCC_WARN_ABOUT_RETURN_TYPE = YES_ERROR;
				GCC_WARN_UNDECLARED_SELECTOR = YES;
				GCC_WARN_UNINITIALIZED_AUTOS = YES_AGGRESSIVE;
				GCC_WARN_UNUSED_FUNCTION = YES;
				GCC_WARN_UNUSED_VARIABLE = YES;
				IPHONEOS_DEPLOYMENT_TARGET = 10.3;
				MTL_ENABLE_DEBUG_INFO = NO;
				SDKROOT = iphoneos;
				SWIFT_OPTIMIZATION_LEVEL = "-Owholemodule";
				TARGETED_DEVICE_FAMILY = "1,2";
				VALIDATE_PRODUCT = YES;
			};
			name = Release;
		};
		5B1C5DBE2026D04B005F8575 /* Debug */ = {
			isa = XCBuildConfiguration;
			baseConfigurationReference = 70159CC12A58FA81A2DB4991 /* Pods-maged.debug.xcconfig */;
			buildSettings = {
				ASSETCATALOG_COMPILER_APPICON_NAME = AppIcon;
				CODE_SIGN_ENTITLEMENTS = maged/maged.entitlements;
				CODE_SIGN_IDENTITY = "iPhone Developer";
				CODE_SIGN_STYLE = Automatic;
				DEVELOPMENT_TEAM = QATASNWS98;
				INFOPLIST_FILE = maged/Info.plist;
				IPHONEOS_DEPLOYMENT_TARGET = 12.1;
				LD_RUNPATH_SEARCH_PATHS = "$(inherited) @executable_path/Frameworks";
				PRODUCT_BUNDLE_IDENTIFIER = com.Finalknowledge.ETQANapp1;
				PRODUCT_NAME = "$(TARGET_NAME)";
				PROVISIONING_PROFILE_SPECIFIER = "";
				SWIFT_VERSION = 4.0;
				TARGETED_DEVICE_FAMILY = 1;
			};
			name = Debug;
		};
		5B1C5DBF2026D04B005F8575 /* Release */ = {
			isa = XCBuildConfiguration;
			baseConfigurationReference = F4629DA49AC247ECF9F10B57 /* Pods-maged.release.xcconfig */;
			buildSettings = {
				ASSETCATALOG_COMPILER_APPICON_NAME = AppIcon;
				CODE_SIGN_ENTITLEMENTS = maged/maged.entitlements;
				CODE_SIGN_IDENTITY = "iPhone Developer";
				CODE_SIGN_STYLE = Automatic;
				DEVELOPMENT_TEAM = "";
				INFOPLIST_FILE = maged/Info.plist;
				IPHONEOS_DEPLOYMENT_TARGET = 12.1;
				LD_RUNPATH_SEARCH_PATHS = "$(inherited) @executable_path/Frameworks";
				PRODUCT_BUNDLE_IDENTIFIER = com.Finalknowledge.ETQANapp1;
				PRODUCT_NAME = "$(TARGET_NAME)";
				PROVISIONING_PROFILE_SPECIFIER = "";
				SWIFT_VERSION = 4.0;
				TARGETED_DEVICE_FAMILY = 1;
			};
			name = Release;
		};
/* End XCBuildConfiguration section */

/* Begin XCConfigurationList section */
		5B1C5DA32026D04B005F8575 /* Build configuration list for PBXProject "maged" */ = {
			isa = XCConfigurationList;
			buildConfigurations = (
				5B1C5DBB2026D04B005F8575 /* Debug */,
				5B1C5DBC2026D04B005F8575 /* Release */,
			);
			defaultConfigurationIsVisible = 0;
			defaultConfigurationName = Release;
		};
		5B1C5DBD2026D04B005F8575 /* Build configuration list for PBXNativeTarget "maged" */ = {
			isa = XCConfigurationList;
			buildConfigurations = (
				5B1C5DBE2026D04B005F8575 /* Debug */,
				5B1C5DBF2026D04B005F8575 /* Release */,
			);
			defaultConfigurationIsVisible = 0;
			defaultConfigurationName = Release;
		};
/* End XCConfigurationList section */

/* Begin XCVersionGroup section */
		5B1C5DB22026D04B005F8575 /* maged.xcdatamodeld */ = {
			isa = XCVersionGroup;
			children = (
				5B1C5DB32026D04B005F8575 /* maged.xcdatamodel */,
			);
			currentVersion = 5B1C5DB32026D04B005F8575 /* maged.xcdatamodel */;
			path = maged.xcdatamodeld;
			sourceTree = "<group>";
			versionGroupType = wrapper.xcdatamodel;
		};
/* End XCVersionGroup section */
	};
	rootObject = 5B1C5DA02026D04B005F8575 /* Project object */;
}
